// !$*UTF8*$!
{
	archiveVersion = 1;
	classes = {
	};
	objectVersion = 46;
	objects = {

/* Begin PBXBuildFile section */
		B42B3CD61C965B2700EB64F6 /* main.m in Sources */ = {isa = PBXBuildFile; fileRef = B42B3CD51C965B2700EB64F6 /* main.m */; };
		B42B3CDE1C9677DA00EB64F6 /* NSString+Regex.m in Sources */ = {isa = PBXBuildFile; fileRef = B42B3CDD1C9677DA00EB64F6 /* NSString+Regex.m */; };
		B4A89D821D36F8C9002FCD11 /* NSFileManager+SubdirectoryContents.m in Sources */ = {isa = PBXBuildFile; fileRef = B4A89D811D36F8C9002FCD11 /* NSFileManager+SubdirectoryContents.m */; };
		B4AE655B1D3977A2004724C0 /* NSString+Replacement.m in Sources */ = {isa = PBXBuildFile; fileRef = B4AE655A1D3977A2004724C0 /* NSString+Replacement.m */; };
		B4BF9FB31CB233AB00975D2A /* NSArray+Transform.m in Sources */ = {isa = PBXBuildFile; fileRef = B4BF9FB21CB233AB00975D2A /* NSArray+Transform.m */; };
		B4C5A2081D36AB0F0099ED06 /* DCProtocol.m in Sources */ = {isa = PBXBuildFile; fileRef = B4C5A2071D36AB0F0099ED06 /* DCProtocol.m */; };
		B4E073331C9F80EF0076C94C /* dump-cleaner-constants.m in Sources */ = {isa = PBXBuildFile; fileRef = B4E073321C9F80EF0076C94C /* dump-cleaner-constants.m */; };
		B4E073371C9F83C30076C94C /* DCProperty.m in Sources */ = {isa = PBXBuildFile; fileRef = B4E073361C9F83C30076C94C /* DCProperty.m */; };
		B4E0733A1C9F84EA0076C94C /* DCClass.m in Sources */ = {isa = PBXBuildFile; fileRef = B4E073391C9F84EA0076C94C /* DCClass.m */; };
		B4E0735B1C9F87A30076C94C /* DCObject.m in Sources */ = {isa = PBXBuildFile; fileRef = B4E0735A1C9F87A30076C94C /* DCObject.m */; };
		B4E0735E1C9FAAE30076C94C /* DCSDK.m in Sources */ = {isa = PBXBuildFile; fileRef = B4E0735D1C9FAAE30076C94C /* DCSDK.m */; };
		B4E073611C9FAD3D0076C94C /* DCIVar.m in Sources */ = {isa = PBXBuildFile; fileRef = B4E073601C9FAD3D0076C94C /* DCIVar.m */; };
/* End PBXBuildFile section */

/* Begin PBXCopyFilesBuildPhase section */
		B42B3CD01C965B2700EB64F6 /* CopyFiles */ = {
			isa = PBXCopyFilesBuildPhase;
			buildActionMask = 2147483647;
			dstPath = /usr/share/man/man1/;
			dstSubfolderSpec = 0;
			files = (
			);
			runOnlyForDeploymentPostprocessing = 1;
		};
/* End PBXCopyFilesBuildPhase section */

/* Begin PBXFileReference section */
		B42B3CD21C965B2700EB64F6 /* dump-cleaner */ = {isa = PBXFileReference; explicitFileType = "compiled.mach-o.executable"; includeInIndex = 0; path = "dump-cleaner"; sourceTree = BUILT_PRODUCTS_DIR; };
		B42B3CD51C965B2700EB64F6 /* main.m */ = {isa = PBXFileReference; lastKnownFileType = sourcecode.c.objc; path = main.m; sourceTree = "<group>"; };
		B42B3CDC1C9677DA00EB64F6 /* NSString+Regex.h */ = {isa = PBXFileReference; fileEncoding = 4; lastKnownFileType = sourcecode.c.h; path = "NSString+Regex.h"; sourceTree = "<group>"; };
		B42B3CDD1C9677DA00EB64F6 /* NSString+Regex.m */ = {isa = PBXFileReference; fileEncoding = 4; lastKnownFileType = sourcecode.c.objc; path = "NSString+Regex.m"; sourceTree = "<group>"; };
		B4A89D7D1D36E872002FCD11 /* DCInterface.h */ = {isa = PBXFileReference; fileEncoding = 4; lastKnownFileType = sourcecode.c.h; path = DCInterface.h; sourceTree = "<group>"; };
		B4A89D801D36F8C9002FCD11 /* NSFileManager+SubdirectoryContents.h */ = {isa = PBXFileReference; fileEncoding = 4; lastKnownFileType = sourcecode.c.h; path = "NSFileManager+SubdirectoryContents.h"; sourceTree = "<group>"; };
		B4A89D811D36F8C9002FCD11 /* NSFileManager+SubdirectoryContents.m */ = {isa = PBXFileReference; fileEncoding = 4; lastKnownFileType = sourcecode.c.objc; path = "NSFileManager+SubdirectoryContents.m"; sourceTree = "<group>"; };
		B4AE65591D3977A2004724C0 /* NSString+Replacement.h */ = {isa = PBXFileReference; fileEncoding = 4; lastKnownFileType = sourcecode.c.h; path = "NSString+Replacement.h"; sourceTree = "<group>"; };
		B4AE655A1D3977A2004724C0 /* NSString+Replacement.m */ = {isa = PBXFileReference; fileEncoding = 4; lastKnownFileType = sourcecode.c.objc; path = "NSString+Replacement.m"; sourceTree = "<group>"; };
		B4BF9FB11CB233AB00975D2A /* NSArray+Transform.h */ = {isa = PBXFileReference; fileEncoding = 4; lastKnownFileType = sourcecode.c.h; path = "NSArray+Transform.h"; sourceTree = "<group>"; };
		B4BF9FB21CB233AB00975D2A /* NSArray+Transform.m */ = {isa = PBXFileReference; fileEncoding = 4; lastKnownFileType = sourcecode.c.objc; path = "NSArray+Transform.m"; sourceTree = "<group>"; };
		B4C5A2061D36AB0F0099ED06 /* DCProtocol.h */ = {isa = PBXFileReference; fileEncoding = 4; lastKnownFileType = sourcecode.c.h; path = DCProtocol.h; sourceTree = "<group>"; };
		B4C5A2071D36AB0F0099ED06 /* DCProtocol.m */ = {isa = PBXFileReference; fileEncoding = 4; lastKnownFileType = sourcecode.c.objc; path = DCProtocol.m; sourceTree = "<group>"; };
		B4E073301C9F7F510076C94C /* dump-cleaner-prefix.pch */ = {isa = PBXFileReference; lastKnownFileType = sourcecode.c.h; path = "dump-cleaner-prefix.pch"; sourceTree = "<group>"; };
		B4E073311C9F80EF0076C94C /* dump-cleaner-constants.h */ = {isa = PBXFileReference; fileEncoding = 4; lastKnownFileType = sourcecode.c.h; path = "dump-cleaner-constants.h"; sourceTree = "<group>"; };
		B4E073321C9F80EF0076C94C /* dump-cleaner-constants.m */ = {isa = PBXFileReference; fileEncoding = 4; lastKnownFileType = sourcecode.c.objc; path = "dump-cleaner-constants.m"; sourceTree = "<group>"; };
		B4E073351C9F83C30076C94C /* DCProperty.h */ = {isa = PBXFileReference; fileEncoding = 4; lastKnownFileType = sourcecode.c.h; path = DCProperty.h; sourceTree = "<group>"; };
		B4E073361C9F83C30076C94C /* DCProperty.m */ = {isa = PBXFileReference; fileEncoding = 4; lastKnownFileType = sourcecode.c.objc; path = DCProperty.m; sourceTree = "<group>"; };
		B4E073381C9F84EA0076C94C /* DCClass.h */ = {isa = PBXFileReference; fileEncoding = 4; lastKnownFileType = sourcecode.c.h; path = DCClass.h; sourceTree = "<group>"; };
		B4E073391C9F84EA0076C94C /* DCClass.m */ = {isa = PBXFileReference; fileEncoding = 4; lastKnownFileType = sourcecode.c.objc; path = DCClass.m; sourceTree = "<group>"; };
		B4E073591C9F87A30076C94C /* DCObject.h */ = {isa = PBXFileReference; fileEncoding = 4; lastKnownFileType = sourcecode.c.h; path = DCObject.h; sourceTree = "<group>"; };
		B4E0735A1C9F87A30076C94C /* DCObject.m */ = {isa = PBXFileReference; fileEncoding = 4; lastKnownFileType = sourcecode.c.objc; path = DCObject.m; sourceTree = "<group>"; };
		B4E0735C1C9FAAE30076C94C /* DCSDK.h */ = {isa = PBXFileReference; fileEncoding = 4; lastKnownFileType = sourcecode.c.h; path = DCSDK.h; sourceTree = "<group>"; };
		B4E0735D1C9FAAE30076C94C /* DCSDK.m */ = {isa = PBXFileReference; fileEncoding = 4; lastKnownFileType = sourcecode.c.objc; path = DCSDK.m; sourceTree = "<group>"; };
		B4E0735F1C9FAD3D0076C94C /* DCIVar.h */ = {isa = PBXFileReference; fileEncoding = 4; lastKnownFileType = sourcecode.c.h; path = DCIVar.h; sourceTree = "<group>"; };
		B4E073601C9FAD3D0076C94C /* DCIVar.m */ = {isa = PBXFileReference; fileEncoding = 4; lastKnownFileType = sourcecode.c.objc; path = DCIVar.m; sourceTree = "<group>"; };
/* End PBXFileReference section */

/* Begin PBXFrameworksBuildPhase section */
		B42B3CCF1C965B2700EB64F6 /* Frameworks */ = {
			isa = PBXFrameworksBuildPhase;
			buildActionMask = 2147483647;
			files = (
			);
			runOnlyForDeploymentPostprocessing = 0;
		};
/* End PBXFrameworksBuildPhase section */

/* Begin PBXGroup section */
		B42B3CC91C965B2700EB64F6 = {
			isa = PBXGroup;
			children = (
				B42B3CD41C965B2700EB64F6 /* dump-cleaner */,
				B42B3CD31C965B2700EB64F6 /* Products */,
			);
			sourceTree = "<group>";
		};
		B42B3CD31C965B2700EB64F6 /* Products */ = {
			isa = PBXGroup;
			children = (
				B42B3CD21C965B2700EB64F6 /* dump-cleaner */,
			);
			name = Products;
			sourceTree = "<group>";
		};
		B42B3CD41C965B2700EB64F6 /* dump-cleaner */ = {
			isa = PBXGroup;
			children = (
				B42B3CD51C965B2700EB64F6 /* main.m */,
				B42B3CDC1C9677DA00EB64F6 /* NSString+Regex.h */,
				B42B3CDD1C9677DA00EB64F6 /* NSString+Regex.m */,
				B4E073301C9F7F510076C94C /* dump-cleaner-prefix.pch */,
				B4E073311C9F80EF0076C94C /* dump-cleaner-constants.h */,
				B4E073321C9F80EF0076C94C /* dump-cleaner-constants.m */,
				B4BF9FB11CB233AB00975D2A /* NSArray+Transform.h */,
				B4BF9FB21CB233AB00975D2A /* NSArray+Transform.m */,
				B4A89D801D36F8C9002FCD11 /* NSFileManager+SubdirectoryContents.h */,
				B4A89D811D36F8C9002FCD11 /* NSFileManager+SubdirectoryContents.m */,
				B4AE65591D3977A2004724C0 /* NSString+Replacement.h */,
				B4AE655A1D3977A2004724C0 /* NSString+Replacement.m */,
				B4E073341C9F83940076C94C /* Classes */,
			);
			path = "dump-cleaner";
			sourceTree = "<group>";
		};
		B4E073341C9F83940076C94C /* Classes */ = {
			isa = PBXGroup;
			children = (
				B4E0735C1C9FAAE30076C94C /* DCSDK.h */,
				B4E0735D1C9FAAE30076C94C /* DCSDK.m */,
				B4E073591C9F87A30076C94C /* DCObject.h */,
				B4E0735A1C9F87A30076C94C /* DCObject.m */,
				B4A89D7D1D36E872002FCD11 /* DCInterface.h */,
				B4E073381C9F84EA0076C94C /* DCClass.h */,
				B4E073391C9F84EA0076C94C /* DCClass.m */,
				B4C5A2061D36AB0F0099ED06 /* DCProtocol.h */,
				B4C5A2071D36AB0F0099ED06 /* DCProtocol.m */,
				B4E073351C9F83C30076C94C /* DCProperty.h */,
				B4E073361C9F83C30076C94C /* DCProperty.m */,
				B4E0735F1C9FAD3D0076C94C /* DCIVar.h */,
				B4E073601C9FAD3D0076C94C /* DCIVar.m */,
			);
			name = Classes;
			sourceTree = "<group>";
		};
/* End PBXGroup section */

/* Begin PBXNativeTarget section */
		B42B3CD11C965B2700EB64F6 /* dump-cleaner */ = {
			isa = PBXNativeTarget;
			buildConfigurationList = B42B3CD91C965B2700EB64F6 /* Build configuration list for PBXNativeTarget "dump-cleaner" */;
			buildPhases = (
				B42B3CCE1C965B2700EB64F6 /* Sources */,
				B42B3CCF1C965B2700EB64F6 /* Frameworks */,
				B42B3CD01C965B2700EB64F6 /* CopyFiles */,
			);
			buildRules = (
			);
			dependencies = (
			);
			name = "dump-cleaner";
			productName = "dump-cleaner";
			productReference = B42B3CD21C965B2700EB64F6 /* dump-cleaner */;
			productType = "com.apple.product-type.tool";
		};
/* End PBXNativeTarget section */

/* Begin PBXProject section */
		B42B3CCA1C965B2700EB64F6 /* Project object */ = {
			isa = PBXProject;
			attributes = {
				LastUpgradeCheck = 0720;
				ORGANIZATIONNAME = "Tanner Bennett";
				TargetAttributes = {
					B42B3CD11C965B2700EB64F6 = {
						CreatedOnToolsVersion = 7.2.1;
					};
				};
			};
			buildConfigurationList = B42B3CCD1C965B2700EB64F6 /* Build configuration list for PBXProject "dump-cleaner" */;
			compatibilityVersion = "Xcode 3.2";
			developmentRegion = English;
			hasScannedForEncodings = 0;
			knownRegions = (
				en,
			);
			mainGroup = B42B3CC91C965B2700EB64F6;
			productRefGroup = B42B3CD31C965B2700EB64F6 /* Products */;
			projectDirPath = "";
			projectRoot = "";
			targets = (
				B42B3CD11C965B2700EB64F6 /* dump-cleaner */,
			);
		};
/* End PBXProject section */

/* Begin PBXSourcesBuildPhase section */
		B42B3CCE1C965B2700EB64F6 /* Sources */ = {
			isa = PBXSourcesBuildPhase;
			buildActionMask = 2147483647;
			files = (
				B42B3CD61C965B2700EB64F6 /* main.m in Sources */,
				B4E0735E1C9FAAE30076C94C /* DCSDK.m in Sources */,
				B4C5A2081D36AB0F0099ED06 /* DCProtocol.m in Sources */,
				B4E073331C9F80EF0076C94C /* dump-cleaner-constants.m in Sources */,
				B4BF9FB31CB233AB00975D2A /* NSArray+Transform.m in Sources */,
				B4E0733A1C9F84EA0076C94C /* DCClass.m in Sources */,
				B4E073611C9FAD3D0076C94C /* DCIVar.m in Sources */,
				B4E0735B1C9F87A30076C94C /* DCObject.m in Sources */,
				B4AE655B1D3977A2004724C0 /* NSString+Replacement.m in Sources */,
				B4A89D821D36F8C9002FCD11 /* NSFileManager+SubdirectoryContents.m in Sources */,
				B42B3CDE1C9677DA00EB64F6 /* NSString+Regex.m in Sources */,
				B4E073371C9F83C30076C94C /* DCProperty.m in Sources */,
			);
			runOnlyForDeploymentPostprocessing = 0;
		};
/* End PBXSourcesBuildPhase section */

/* Begin XCBuildConfiguration section */
		B42B3CD71C965B2700EB64F6 /* Debug */ = {
			isa = XCBuildConfiguration;
			buildSettings = {
				ALWAYS_SEARCH_USER_PATHS = NO;
				CLANG_CXX_LANGUAGE_STANDARD = "gnu++0x";
				CLANG_CXX_LIBRARY = "libc++";
				CLANG_ENABLE_MODULES = YES;
				CLANG_ENABLE_OBJC_ARC = YES;
				CLANG_WARN_BOOL_CONVERSION = YES;
				CLANG_WARN_CONSTANT_CONVERSION = YES;
				CLANG_WARN_DIRECT_OBJC_ISA_USAGE = YES_ERROR;
				CLANG_WARN_EMPTY_BODY = YES;
				CLANG_WARN_ENUM_CONVERSION = YES;
				CLANG_WARN_INT_CONVERSION = YES;
				CLANG_WARN_OBJC_ROOT_CLASS = YES_ERROR;
				CLANG_WARN_UNREACHABLE_CODE = YES;
				CLANG_WARN__DUPLICATE_METHOD_MATCH = YES;
				CODE_SIGN_IDENTITY = "-";
				COPY_PHASE_STRIP = NO;
				DEBUG_INFORMATION_FORMAT = dwarf;
				ENABLE_STRICT_OBJC_MSGSEND = YES;
				ENABLE_TESTABILITY = YES;
				GCC_C_LANGUAGE_STANDARD = gnu99;
				GCC_DYNAMIC_NO_PIC = NO;
				GCC_NO_COMMON_BLOCKS = YES;
				GCC_OPTIMIZATION_LEVEL = 0;
				GCC_PREFIX_HEADER = "dump-cleaner/dump-cleaner-prefix.pch";
				GCC_PREPROCESSOR_DEFINITIONS = (
					"DEBUG=1",
					"$(inherited)",
				);
				GCC_WARN_64_TO_32_BIT_CONVERSION = YES;
				GCC_WARN_ABOUT_RETURN_TYPE = YES_ERROR;
				GCC_WARN_UNDECLARED_SELECTOR = YES;
				GCC_WARN_UNINITIALIZED_AUTOS = YES_AGGRESSIVE;
				GCC_WARN_UNUSED_FUNCTION = YES;
				GCC_WARN_UNUSED_VARIABLE = YES;
				MACOSX_DEPLOYMENT_TARGET = 10.11;
				MTL_ENABLE_DEBUG_INFO = YES;
				ONLY_ACTIVE_ARCH = YES;
				SDKROOT = macosx;
			};
			name = Debug;
		};
		B42B3CD81C965B2700EB64F6 /* Release */ = {
			isa = XCBuildConfiguration;
			buildSettings = {
				ALWAYS_SEARCH_USER_PATHS = NO;
				CLANG_CXX_LANGUAGE_STANDARD = "gnu++0x";
				CLANG_CXX_LIBRARY = "libc++";
				CLANG_ENABLE_MODULES = YES;
				CLANG_ENABLE_OBJC_ARC = YES;
				CLANG_WARN_BOOL_CONVERSION = YES;
				CLANG_WARN_CONSTANT_CONVERSION = YES;
				CLANG_WARN_DIRECT_OBJC_ISA_USAGE = YES_ERROR;
				CLANG_WARN_EMPTY_BODY = YES;
				CLANG_WARN_ENUM_CONVERSION = YES;
				CLANG_WARN_INT_CONVERSION = YES;
				CLANG_WARN_OBJC_ROOT_CLASS = YES_ERROR;
				CLANG_WARN_UNREACHABLE_CODE = YES;
				CLANG_WARN__DUPLICATE_METHOD_MATCH = YES;
				CODE_SIGN_IDENTITY = "-";
				COPY_PHASE_STRIP = NO;
				DEBUG_INFORMATION_FORMAT = "dwarf-with-dsym";
				ENABLE_NS_ASSERTIONS = NO;
				ENABLE_STRICT_OBJC_MSGSEND = YES;
				GCC_C_LANGUAGE_STANDARD = gnu99;
				GCC_NO_COMMON_BLOCKS = YES;
				GCC_PREFIX_HEADER = "dump-cleaner/dump-cleaner-prefix.pch";
				GCC_WARN_64_TO_32_BIT_CONVERSION = YES;
				GCC_WARN_ABOUT_RETURN_TYPE = YES_ERROR;
				GCC_WARN_UNDECLARED_SELECTOR = YES;
				GCC_WARN_UNINITIALIZED_AUTOS = YES_AGGRESSIVE;
				GCC_WARN_UNUSED_FUNCTION = YES;
				GCC_WARN_UNUSED_VARIABLE = YES;
				MACOSX_DEPLOYMENT_TARGET = 10.11;
				MTL_ENABLE_DEBUG_INFO = NO;
				SDKROOT = macosx;
			};
			name = Release;
		};
		B42B3CDA1C965B2700EB64F6 /* Debug */ = {
			isa = XCBuildConfiguration;
			buildSettings = {
				PRODUCT_NAME = "$(TARGET_NAME)";
			};
			name = Debug;
		};
		B42B3CDB1C965B2700EB64F6 /* Release */ = {
			isa = XCBuildConfiguration;
			buildSettings = {
				PRODUCT_NAME = "$(TARGET_NAME)";
			};
			name = Release;
		};
/* End XCBuildConfiguration section */

/* Begin XCConfigurationList section */
		B42B3CCD1C965B2700EB64F6 /* Build configuration list for PBXProject "dump-cleaner" */ = {
			isa = XCConfigurationList;
			buildConfigurations = (
				B42B3CD71C965B2700EB64F6 /* Debug */,
				B42B3CD81C965B2700EB64F6 /* Release */,
			);
			defaultConfigurationIsVisible = 0;
			defaultConfigurationName = Release;
		};
		B42B3CD91C965B2700EB64F6 /* Build configuration list for PBXNativeTarget "dump-cleaner" */ = {
			isa = XCConfigurationList;
			buildConfigurations = (
				B42B3CDA1C965B2700EB64F6 /* Debug */,
				B42B3CDB1C965B2700EB64F6 /* Release */,
			);
			defaultConfigurationIsVisible = 0;
			defaultConfigurationName = Release;
		};
/* End XCConfigurationList section */
	};
	rootObject = B42B3CCA1C965B2700EB64F6 /* Project object */;
}
