// !$*UTF8*$!
{
	archiveVersion = 1;
	classes = {
	};
	objectVersion = 46;
	objects = {

/* Begin PBXBuildFile section */
		B42B3CD61C965B2700EB64F6 /* main.m in Sources */ = {isa = PBXBuildFile; fileRef = B42B3CD51C965B2700EB64F6 /* main.m */; };
		B42B3CDE1C9677DA00EB64F6 /* NSString+Regex.m in Sources */ = {isa = PBXBuildFile; fileRef = B42B3CDD1C9677DA00EB64F6 /* NSString+Regex.m */; };
/* End PBXBuildFile section */

/* Begin PBXCopyFilesBuildPhase section */
		B42B3CD01C965B2700EB64F6 /* CopyFiles */ = {
			isa = PBXCopyFilesBuildPhase;
			buildActionMask = 2147483647;
			dstPath = /usr/share/man/man1/;
			dstSubfolderSpec = 0;
			files = (
			);
			runOnlyForDeploymentPostprocessing = 1;
		};
/* End PBXCopyFilesBuildPhase section */

/* Begin PBXFileReference section */
		B42B3CD21C965B2700EB64F6 /* dump-cleaner */ = {isa = PBXFileReference; explicitFileType = "compiled.mach-o.executable"; includeInIndex = 0; path = "dump-cleaner"; sourceTree = BUILT_PRODUCTS_DIR; };
		B42B3CD51C965B2700EB64F6 /* main.m */ = {isa = PBXFileReference; lastKnownFileType = sourcecode.c.objc; path = main.m; sourceTree = "<group>"; };
		B42B3CDC1C9677DA00EB64F6 /* NSString+Regex.h */ = {isa = PBXFileReference; fileEncoding = 4; lastKnownFileType = sourcecode.c.h; path = "NSString+Regex.h"; sourceTree = "<group>"; };
		B42B3CDD1C9677DA00EB64F6 /* NSString+Regex.m */ = {isa = PBXFileReference; fileEncoding = 4; lastKnownFileType = sourcecode.c.objc; path = "NSString+Regex.m"; sourceTree = "<group>"; };
/* End PBXFileReference section */

/* Begin PBXFrameworksBuildPhase section */
		B42B3CCF1C965B2700EB64F6 /* Frameworks */ = {
			isa = PBXFrameworksBuildPhase;
			buildActionMask = 2147483647;
			files = (
			);
			runOnlyForDeploymentPostprocessing = 0;
		};
/* End PBXFrameworksBuildPhase section */

/* Begin PBXGroup section */
		B42B3CC91C965B2700EB64F6 = {
			isa = PBXGroup;
			children = (
				B42B3CD41C965B2700EB64F6 /* dump-cleaner */,
				B42B3CD31C965B2700EB64F6 /* Products */,
			);
			sourceTree = "<group>";
		};
		B42B3CD31C965B2700EB64F6 /* Products */ = {
			isa = PBXGroup;
			children = (
				B42B3CD21C965B2700EB64F6 /* dump-cleaner */,
			);
			name = Products;
			sourceTree = "<group>";
		};
		B42B3CD41C965B2700EB64F6 /* dump-cleaner */ = {
			isa = PBXGroup;
			children = (
				B42B3CD51C965B2700EB64F6 /* main.m */,
				B42B3CDC1C9677DA00EB64F6 /* NSString+Regex.h */,
				B42B3CDD1C9677DA00EB64F6 /* NSString+Regex.m */,
			);
			path = "dump-cleaner";
			sourceTree = "<group>";
		};
/* End PBXGroup section */

/* Begin PBXNativeTarget section */
		B42B3CD11C965B2700EB64F6 /* dump-cleaner */ = {
			isa = PBXNativeTarget;
			buildConfigurationList = B42B3CD91C965B2700EB64F6 /* Build configuration list for PBXNativeTarget "dump-cleaner" */;
			buildPhases = (
				B42B3CCE1C965B2700EB64F6 /* Sources */,
				B42B3CCF1C965B2700EB64F6 /* Frameworks */,
				B42B3CD01C965B2700EB64F6 /* CopyFiles */,
			);
			buildRules = (
			);
			dependencies = (
			);
			name = "dump-cleaner";
			productName = "dump-cleaner";
			productReference = B42B3CD21C965B2700EB64F6 /* dump-cleaner */;
			productType = "com.apple.product-type.tool";
		};
/* End PBXNativeTarget section */

/* Begin PBXProject section */
		B42B3CCA1C965B2700EB64F6 /* Project object */ = {
			isa = PBXProject;
			attributes = {
				LastUpgradeCheck = 0820;
				ORGANIZATIONNAME = "Tanner Bennett";
				TargetAttributes = {
					B42B3CD11C965B2700EB64F6 = {
						CreatedOnToolsVersion = 7.2.1;
					};
				};
			};
			buildConfigurationList = B42B3CCD1C965B2700EB64F6 /* Build configuration list for PBXProject "dump-cleaner" */;
			compatibilityVersion = "Xcode 3.2";
			developmentRegion = English;
			hasScannedForEncodings = 0;
			knownRegions = (
				en,
			);
			mainGroup = B42B3CC91C965B2700EB64F6;
			productRefGroup = B42B3CD31C965B2700EB64F6 /* Products */;
			projectDirPath = "";
			projectRoot = "";
			targets = (
				B42B3CD11C965B2700EB64F6 /* dump-cleaner */,
			);
		};
/* End PBXProject section */

/* Begin PBXSourcesBuildPhase section */
		B42B3CCE1C965B2700EB64F6 /* Sources */ = {
			isa = PBXSourcesBuildPhase;
			buildActionMask = 2147483647;
			files = (
				B42B3CD61C965B2700EB64F6 /* main.m in Sources */,
				B42B3CDE1C9677DA00EB64F6 /* NSString+Regex.m in Sources */,
			);
			runOnlyForDeploymentPostprocessing = 0;
		};
/* End PBXSourcesBuildPhase section */

/* Begin XCBuildConfiguration section */
		B42B3CD71C965B2700EB64F6 /* Debug */ = {
			isa = XCBuildConfiguration;
			buildSettings = {
				ALWAYS_SEARCH_USER_PATHS = NO;
				CLANG_CXX_LANGUAGE_STANDARD = "gnu++0x";
				CLANG_CXX_LIBRARY = "libc++";
				CLANG_ENABLE_MODULES = YES;
				CLANG_ENABLE_OBJC_ARC = YES;
				CLANG_WARN_BOOL_CONVERSION = YES;
				CLANG_WARN_CONSTANT_CONVERSION = YES;
				CLANG_WARN_DIRECT_OBJC_ISA_USAGE = YES_ERROR;
				CLANG_WARN_EMPTY_BODY = YES;
				CLANG_WARN_ENUM_CONVERSION = YES;
				CLANG_WARN_INFINITE_RECURSION = YES;
				CLANG_WARN_INT_CONVERSION = YES;
				CLANG_WARN_OBJC_ROOT_CLASS = YES_ERROR;
				CLANG_WARN_SUSPICIOUS_MOVE = YES;
				CLANG_WARN_UNREACHABLE_CODE = YES;
				CLANG_WARN__DUPLICATE_METHOD_MATCH = YES;
				CODE_SIGN_IDENTITY = "-";
				COPY_PHASE_STRIP = NO;
				DEBUG_INFORMATION_FORMAT = dwarf;
				ENABLE_STRICT_OBJC_MSGSEND = YES;
				ENABLE_TESTABILITY = YES;
				GCC_C_LANGUAGE_STANDARD = gnu99;
				GCC_DYNAMIC_NO_PIC = NO;
				GCC_NO_COMMON_BLOCKS = YES;
				GCC_OPTIMIZATION_LEVEL = 0;
				GCC_PREPROCESSOR_DEFINITIONS = (
					"DEBUG=1",
					"$(inherited)",
				);
				GCC_WARN_64_TO_32_BIT_CONVERSION = YES;
				GCC_WARN_ABOUT_RETURN_TYPE = YES_ERROR;
				GCC_WARN_UNDECLARED_SELECTOR = YES;
				GCC_WARN_UNINITIALIZED_AUTOS = YES_AGGRESSIVE;
				GCC_WARN_UNUSED_FUNCTION = YES;
				GCC_WARN_UNUSED_VARIABLE = YES;
				MACOSX_DEPLOYMENT_TARGET = 10.11;
				MTL_ENABLE_DEBUG_INFO = YES;
				ONLY_ACTIVE_ARCH = YES;
				SDKROOT = macosx;
			};
			name = Debug;
		};
		B42B3CD81C965B2700EB64F6 /* Release */ = {
			isa = XCBuildConfiguration;
			buildSettings = {
				ALWAYS_SEARCH_USER_PATHS = NO;
				CLANG_CXX_LANGUAGE_STANDARD = "gnu++0x";
				CLANG_CXX_LIBRARY = "libc++";
				CLANG_ENABLE_MODULES = YES;
				CLANG_ENABLE_OBJC_ARC = YES;
				CLANG_WARN_BOOL_CONVERSION = YES;
				CLANG_WARN_CONSTANT_CONVERSION = YES;
				CLANG_WARN_DIRECT_OBJC_ISA_USAGE = YES_ERROR;
				CLANG_WARN_EMPTY_BODY = YES;
				CLANG_WARN_ENUM_CONVERSION = YES;
				CLANG_WARN_INFINITE_RECURSION = YES;
				CLANG_WARN_INT_CONVERSION = YES;
				CLANG_WARN_OBJC_ROOT_CLASS = YES_ERROR;
				CLANG_WARN_SUSPICIOUS_MOVE = YES;
				CLANG_WARN_UNREACHABLE_CODE = YES;
				CLANG_WARN__DUPLICATE_METHOD_MATCH = YES;
				CODE_SIGN_IDENTITY = "-";
				COPY_PHASE_STRIP = NO;
				DEBUG_INFORMATION_FORMAT = "dwarf-with-dsym";
				ENABLE_NS_ASSERTIONS = NO;
				ENABLE_STRICT_OBJC_MSGSEND = YES;
				GCC_C_LANGUAGE_STANDARD = gnu99;
				GCC_NO_COMMON_BLOCKS = YES;
				GCC_WARN_64_TO_32_BIT_CONVERSION = YES;
				GCC_WARN_ABOUT_RETURN_TYPE = YES_ERROR;
				GCC_WARN_UNDECLARED_SELECTOR = YES;
				GCC_WARN_UNINITIALIZED_AUTOS = YES_AGGRESSIVE;
				GCC_WARN_UNUSED_FUNCTION = YES;
				GCC_WARN_UNUSED_VARIABLE = YES;
				MACOSX_DEPLOYMENT_TARGET = 10.11;
				MTL_ENABLE_DEBUG_INFO = NO;
				SDKROOT = macosx;
			};
			name = Release;
		};
		B42B3CDA1C965B2700EB64F6 /* Debug */ = {
			isa = XCBuildConfiguration;
			buildSettings = {
				PRODUCT_NAME = "$(TARGET_NAME)";
			};
			name = Debug;
		};
		B42B3CDB1C965B2700EB64F6 /* Release */ = {
			isa = XCBuildConfiguration;
			buildSettings = {
				PRODUCT_NAME = "$(TARGET_NAME)";
			};
			name = Release;
		};
/* End XCBuildConfiguration section */

/* Begin XCConfigurationList section */
		B42B3CCD1C965B2700EB64F6 /* Build configuration list for PBXProject "dump-cleaner" */ = {
			isa = XCConfigurationList;
			buildConfigurations = (
				B42B3CD71C965B2700EB64F6 /* Debug */,
				B42B3CD81C965B2700EB64F6 /* Release */,
			);
			defaultConfigurationIsVisible = 0;
			defaultConfigurationName = Release;
		};
		B42B3CD91C965B2700EB64F6 /* Build configuration list for PBXNativeTarget "dump-cleaner" */ = {
			isa = XCConfigurationList;
			buildConfigurations = (
				B42B3CDA1C965B2700EB64F6 /* Debug */,
				B42B3CDB1C965B2700EB64F6 /* Release */,
			);
			defaultConfigurationIsVisible = 0;
			defaultConfigurationName = Release;
		};
/* End XCConfigurationList section */
	};
	rootObject = B42B3CCA1C965B2700EB64F6 /* Project object */;
}
